
Microsoft Visual Studio Solution File, Format Version 12.00
# Visual Studio Version 17
VisualStudioVersion = 17.9.34701.34
MinimumVisualStudioVersion = 10.0.40219.1
Project("{FAE04EC0-301F-11D3-BF4B-00C04F79EFBC}") = "HelloWorldApp", "HelloWorldApp\HelloWorldApp.csproj", "{348EF1DD-F54D-4ED8-ABB7-2A7F46B041C3}"
EndProject
Global
	GlobalSection(SolutionConfigurationPlatforms) = preSolution
		Debug|Any CPU = Debug|Any CPU
		Release|Any CPU = Release|Any CPU
	EndGlobalSection
	GlobalSection(ProjectConfigurationPlatforms) = postSolution
		{348EF1DD-F54D-4ED8-ABB7-2A7F46B041C3}.Debug|Any CPU.ActiveCfg = Debug|Any CPU
		{348EF1DD-F54D-4ED8-ABB7-2A7F46B041C3}.Debug|Any CPU.Build.0 = Debug|Any CPU
		{348EF1DD-F54D-4ED8-ABB7-2A7F46B041C3}.Release|Any CPU.ActiveCfg = Release|Any CPU
		{348EF1DD-F54D-4ED8-ABB7-2A7F46B041C3}.Release|Any CPU.Build.0 = Release|Any CPU
	EndGlobalSection
	GlobalSection(SolutionProperties) = preSolution
		HideSolutionNode = FALSE
	EndGlobalSection
	GlobalSection(ExtensibilityGlobals) = postSolution
		SolutionGuid = {898AEC6B-6DF8-4BAE-9C2A-D361A1AB1726}
	EndGlobalSection
EndGlobal
